
Microsoft Visual Studio Solution File, Format Version 12.00
# Visual Studio 15
VisualStudioVersion = 15.0.28307.1433
MinimumVisualStudioVersion = 10.0.40219.1
Project("{FAE04EC0-301F-11D3-BF4B-00C04F79EFBC}") = "ProjekBesar_Kel05", "ProjekBesar_Kel05\ProjekBesar_Kel05.csproj", "{311410B0-DEF7-4D00-961A-D35776A7621A}"
EndProject
Global
	GlobalSection(SolutionConfigurationPlatforms) = preSolution
		Debug|Any CPU = Debug|Any CPU
		Release|Any CPU = Release|Any CPU
	EndGlobalSection
	GlobalSection(ProjectConfigurationPlatforms) = postSolution
		{311410B0-DEF7-4D00-961A-D35776A7621A}.Debug|Any CPU.ActiveCfg = Debug|Any CPU
		{311410B0-DEF7-4D00-961A-D35776A7621A}.Debug|Any CPU.Build.0 = Debug|Any CPU
		{311410B0-DEF7-4D00-961A-D35776A7621A}.Release|Any CPU.ActiveCfg = Release|Any CPU
		{311410B0-DEF7-4D00-961A-D35776A7621A}.Release|Any CPU.Build.0 = Release|Any CPU
	EndGlobalSection
	GlobalSection(SolutionProperties) = preSolution
		HideSolutionNode = FALSE
	EndGlobalSection
	GlobalSection(ExtensibilityGlobals) = postSolution
		SolutionGuid = {A4A3B2B3-6DCA-472B-9977-58D7ACA242C3}
	EndGlobalSection
EndGlobal
